// !$*UTF8*$!
{
	archiveVersion = 1;
	classes = {
	};
	objectVersion = 46;
	objects = {

/* Begin PBXBuildFile section */
		CEAC52CC1974D8260035A8FC /* Foundation.framework in Frameworks */ = {isa = PBXBuildFile; fileRef = CEAC52CB1974D8260035A8FC /* Foundation.framework */; };
		CEAC52CE1974D8260035A8FC /* CoreGraphics.framework in Frameworks */ = {isa = PBXBuildFile; fileRef = CEAC52CD1974D8260035A8FC /* CoreGraphics.framework */; };
		CEAC52D01974D8260035A8FC /* UIKit.framework in Frameworks */ = {isa = PBXBuildFile; fileRef = CEAC52CF1974D8260035A8FC /* UIKit.framework */; };
		CEAC52D61974D8260035A8FC /* InfoPlist.strings in Resources */ = {isa = PBXBuildFile; fileRef = CEAC52D41974D8260035A8FC /* InfoPlist.strings */; };
		CEAC52D81974D8260035A8FC /* main.m in Sources */ = {isa = PBXBuildFile; fileRef = CEAC52D71974D8260035A8FC /* main.m */; };
		CEAC52DC1974D8260035A8FC /* KyyAppDelegate.m in Sources */ = {isa = PBXBuildFile; fileRef = CEAC52DB1974D8260035A8FC /* KyyAppDelegate.m */; };
		CEAC52DF1974D8260035A8FC /* Main_iPhone.storyboard in Resources */ = {isa = PBXBuildFile; fileRef = CEAC52DD1974D8260035A8FC /* Main_iPhone.storyboard */; };
		CEAC52E21974D8260035A8FC /* Main_iPad.storyboard in Resources */ = {isa = PBXBuildFile; fileRef = CEAC52E01974D8260035A8FC /* Main_iPad.storyboard */; };
		CEAC52E51974D8260035A8FC /* KyyViewController.m in Sources */ = {isa = PBXBuildFile; fileRef = CEAC52E41974D8260035A8FC /* KyyViewController.m */; };
		CEAC52E71974D8260035A8FC /* Images.xcassets in Resources */ = {isa = PBXBuildFile; fileRef = CEAC52E61974D8260035A8FC /* Images.xcassets */; };
		CEAC52EE1974D8260035A8FC /* XCTest.framework in Frameworks */ = {isa = PBXBuildFile; fileRef = CEAC52ED1974D8260035A8FC /* XCTest.framework */; };
		CEAC52EF1974D8260035A8FC /* Foundation.framework in Frameworks */ = {isa = PBXBuildFile; fileRef = CEAC52CB1974D8260035A8FC /* Foundation.framework */; };
		CEAC52F01974D8260035A8FC /* UIKit.framework in Frameworks */ = {isa = PBXBuildFile; fileRef = CEAC52CF1974D8260035A8FC /* UIKit.framework */; };
		CEAC52F81974D8260035A8FC /* InfoPlist.strings in Resources */ = {isa = PBXBuildFile; fileRef = CEAC52F61974D8260035A8FC /* InfoPlist.strings */; };
		CEAC52FA1974D8260035A8FC /* testTests.m in Sources */ = {isa = PBXBuildFile; fileRef = CEAC52F91974D8260035A8FC /* testTests.m */; };
		CEAC531C1974F7250035A8FC /* 1Star.png in Resources */ = {isa = PBXBuildFile; fileRef = CEAC53041974F7250035A8FC /* 1Star.png */; };
		CEAC531D1974F7250035A8FC /* 1Star@2x.png in Resources */ = {isa = PBXBuildFile; fileRef = CEAC53051974F7250035A8FC /* 1Star@2x.png */; };
		CEAC531E1974F7250035A8FC /* 1StarSmall.png in Resources */ = {isa = PBXBuildFile; fileRef = CEAC53061974F7250035A8FC /* 1StarSmall.png */; };
		CEAC531F1974F7250035A8FC /* 1StarSmall@2x.png in Resources */ = {isa = PBXBuildFile; fileRef = CEAC53071974F7250035A8FC /* 1StarSmall@2x.png */; };
		CEAC53201974F7250035A8FC /* 2Stars.png in Resources */ = {isa = PBXBuildFile; fileRef = CEAC53081974F7250035A8FC /* 2Stars.png */; };
		CEAC53211974F7250035A8FC /* 2Stars@2x.png in Resources */ = {isa = PBXBuildFile; fileRef = CEAC53091974F7250035A8FC /* 2Stars@2x.png */; };
		CEAC53221974F7250035A8FC /* 2StarsSmall.png in Resources */ = {isa = PBXBuildFile; fileRef = CEAC530A1974F7250035A8FC /* 2StarsSmall.png */; };
		CEAC53231974F7250035A8FC /* 2StarsSmall@2x.png in Resources */ = {isa = PBXBuildFile; fileRef = CEAC530B1974F7250035A8FC /* 2StarsSmall@2x.png */; };
		CEAC53241974F7250035A8FC /* 3Stars.png in Resources */ = {isa = PBXBuildFile; fileRef = CEAC530C1974F7250035A8FC /* 3Stars.png */; };
		CEAC53251974F7250035A8FC /* 3Stars@2x.png in Resources */ = {isa = PBXBuildFile; fileRef = CEAC530D1974F7250035A8FC /* 3Stars@2x.png */; };
		CEAC53261974F7250035A8FC /* 3StarsSmall.png in Resources */ = {isa = PBXBuildFile; fileRef = CEAC530E1974F7250035A8FC /* 3StarsSmall.png */; };
		CEAC53271974F7250035A8FC /* 3StarsSmall@2x.png in Resources */ = {isa = PBXBuildFile; fileRef = CEAC530F1974F7250035A8FC /* 3StarsSmall@2x.png */; };
		CEAC53281974F7250035A8FC /* 4Stars.png in Resources */ = {isa = PBXBuildFile; fileRef = CEAC53101974F7250035A8FC /* 4Stars.png */; };
		CEAC53291974F7250035A8FC /* 4Stars@2x.png in Resources */ = {isa = PBXBuildFile; fileRef = CEAC53111974F7250035A8FC /* 4Stars@2x.png */; };
		CEAC532A1974F7250035A8FC /* 4StarsSmall.png in Resources */ = {isa = PBXBuildFile; fileRef = CEAC53121974F7250035A8FC /* 4StarsSmall.png */; };
		CEAC532B1974F7250035A8FC /* 4StarsSmall@2x.png in Resources */ = {isa = PBXBuildFile; fileRef = CEAC53131974F7250035A8FC /* 4StarsSmall@2x.png */; };
		CEAC532C1974F7250035A8FC /* 5Stars.png in Resources */ = {isa = PBXBuildFile; fileRef = CEAC53141974F7250035A8FC /* 5Stars.png */; };
		CEAC532D1974F7250035A8FC /* 5Stars@2x.png in Resources */ = {isa = PBXBuildFile; fileRef = CEAC53151974F7250035A8FC /* 5Stars@2x.png */; };
		CEAC532E1974F7250035A8FC /* 5StarsSmall.png in Resources */ = {isa = PBXBuildFile; fileRef = CEAC53161974F7250035A8FC /* 5StarsSmall.png */; };
		CEAC532F1974F7250035A8FC /* 5StarsSmall@2x.png in Resources */ = {isa = PBXBuildFile; fileRef = CEAC53171974F7250035A8FC /* 5StarsSmall@2x.png */; };
		CEAC53301974F7250035A8FC /* Gestures.png in Resources */ = {isa = PBXBuildFile; fileRef = CEAC53181974F7250035A8FC /* Gestures.png */; };
		CEAC53311974F7250035A8FC /* Gestures@2x.png in Resources */ = {isa = PBXBuildFile; fileRef = CEAC53191974F7250035A8FC /* Gestures@2x.png */; };
		CEAC53321974F7250035A8FC /* Players.png in Resources */ = {isa = PBXBuildFile; fileRef = CEAC531A1974F7250035A8FC /* Players.png */; };
		CEAC53331974F7250035A8FC /* Players@2x.png in Resources */ = {isa = PBXBuildFile; fileRef = CEAC531B1974F7250035A8FC /* Players@2x.png */; };
		CEAC53361974FB830035A8FC /* PlayersViewControllerTableViewController.m in Sources */ = {isa = PBXBuildFile; fileRef = CEAC53351974FB830035A8FC /* PlayersViewControllerTableViewController.m */; };
		CEAC53391974FE3E0035A8FC /* Player.m in Sources */ = {isa = PBXBuildFile; fileRef = CEAC53381974FE3E0035A8FC /* Player.m */; };
		CEAC533C19750BD60035A8FC /* PlayerCellTableViewCell.m in Sources */ = {isa = PBXBuildFile; fileRef = CEAC533B19750BD60035A8FC /* PlayerCellTableViewCell.m */; };
		CEAC533F197513A10035A8FC /* PlayerDetailsViewController.m in Sources */ = {isa = PBXBuildFile; fileRef = CEAC533E197513A10035A8FC /* PlayerDetailsViewController.m */; };
		CEAC5342197529980035A8FC /* GamePickerViewController.m in Sources */ = {isa = PBXBuildFile; fileRef = CEAC5341197529980035A8FC /* GamePickerViewController.m */; };
		CEAC534419757BA40035A8FC /* BookDemo.storyboard in Resources */ = {isa = PBXBuildFile; fileRef = CEAC534319757BA40035A8FC /* BookDemo.storyboard */; };
/* End PBXBuildFile section */

/* Begin PBXContainerItemProxy section */
		CEAC52F11974D8260035A8FC /* PBXContainerItemProxy */ = {
			isa = PBXContainerItemProxy;
			containerPortal = CEAC52C01974D8260035A8FC /* Project object */;
			proxyType = 1;
			remoteGlobalIDString = CEAC52C71974D8260035A8FC;
			remoteInfo = test;
		};
/* End PBXContainerItemProxy section */

/* Begin PBXFileReference section */
		CEAC52C81974D8260035A8FC /* test.app */ = {isa = PBXFileReference; explicitFileType = wrapper.application; includeInIndex = 0; path = test.app; sourceTree = BUILT_PRODUCTS_DIR; };
		CEAC52CB1974D8260035A8FC /* Foundation.framework */ = {isa = PBXFileReference; lastKnownFileType = wrapper.framework; name = Foundation.framework; path = System/Library/Frameworks/Foundation.framework; sourceTree = SDKROOT; };
		CEAC52CD1974D8260035A8FC /* CoreGraphics.framework */ = {isa = PBXFileReference; lastKnownFileType = wrapper.framework; name = CoreGraphics.framework; path = System/Library/Frameworks/CoreGraphics.framework; sourceTree = SDKROOT; };
		CEAC52CF1974D8260035A8FC /* UIKit.framework */ = {isa = PBXFileReference; lastKnownFileType = wrapper.framework; name = UIKit.framework; path = System/Library/Frameworks/UIKit.framework; sourceTree = SDKROOT; };
		CEAC52D31974D8260035A8FC /* test-Info.plist */ = {isa = PBXFileReference; lastKnownFileType = text.plist.xml; path = "test-Info.plist"; sourceTree = "<group>"; };
		CEAC52D51974D8260035A8FC /* en */ = {isa = PBXFileReference; lastKnownFileType = text.plist.strings; name = en; path = en.lproj/InfoPlist.strings; sourceTree = "<group>"; };
		CEAC52D71974D8260035A8FC /* main.m */ = {isa = PBXFileReference; lastKnownFileType = sourcecode.c.objc; path = main.m; sourceTree = "<group>"; };
		CEAC52D91974D8260035A8FC /* test-Prefix.pch */ = {isa = PBXFileReference; lastKnownFileType = sourcecode.c.h; path = "test-Prefix.pch"; sourceTree = "<group>"; };
		CEAC52DA1974D8260035A8FC /* KyyAppDelegate.h */ = {isa = PBXFileReference; lastKnownFileType = sourcecode.c.h; path = KyyAppDelegate.h; sourceTree = "<group>"; };
		CEAC52DB1974D8260035A8FC /* KyyAppDelegate.m */ = {isa = PBXFileReference; lastKnownFileType = sourcecode.c.objc; path = KyyAppDelegate.m; sourceTree = "<group>"; };
		CEAC52DE1974D8260035A8FC /* Base */ = {isa = PBXFileReference; lastKnownFileType = file.storyboard; name = Base; path = Base.lproj/Main_iPhone.storyboard; sourceTree = "<group>"; };
		CEAC52E11974D8260035A8FC /* Base */ = {isa = PBXFileReference; lastKnownFileType = file.storyboard; name = Base; path = Base.lproj/Main_iPad.storyboard; sourceTree = "<group>"; };
		CEAC52E31974D8260035A8FC /* KyyViewController.h */ = {isa = PBXFileReference; lastKnownFileType = sourcecode.c.h; path = KyyViewController.h; sourceTree = "<group>"; };
		CEAC52E41974D8260035A8FC /* KyyViewController.m */ = {isa = PBXFileReference; lastKnownFileType = sourcecode.c.objc; path = KyyViewController.m; sourceTree = "<group>"; };
		CEAC52E61974D8260035A8FC /* Images.xcassets */ = {isa = PBXFileReference; lastKnownFileType = folder.assetcatalog; path = Images.xcassets; sourceTree = "<group>"; };
		CEAC52EC1974D8260035A8FC /* testTests.xctest */ = {isa = PBXFileReference; explicitFileType = wrapper.cfbundle; includeInIndex = 0; path = testTests.xctest; sourceTree = BUILT_PRODUCTS_DIR; };
		CEAC52ED1974D8260035A8FC /* XCTest.framework */ = {isa = PBXFileReference; lastKnownFileType = wrapper.framework; name = XCTest.framework; path = Library/Frameworks/XCTest.framework; sourceTree = DEVELOPER_DIR; };
		CEAC52F51974D8260035A8FC /* testTests-Info.plist */ = {isa = PBXFileReference; lastKnownFileType = text.plist.xml; path = "testTests-Info.plist"; sourceTree = "<group>"; };
		CEAC52F71974D8260035A8FC /* en */ = {isa = PBXFileReference; lastKnownFileType = text.plist.strings; name = en; path = en.lproj/InfoPlist.strings; sourceTree = "<group>"; };
		CEAC52F91974D8260035A8FC /* testTests.m */ = {isa = PBXFileReference; lastKnownFileType = sourcecode.c.objc; path = testTests.m; sourceTree = "<group>"; };
		CEAC53041974F7250035A8FC /* 1Star.png */ = {isa = PBXFileReference; lastKnownFileType = image.png; path = 1Star.png; sourceTree = "<group>"; };
		CEAC53051974F7250035A8FC /* 1Star@2x.png */ = {isa = PBXFileReference; lastKnownFileType = image.png; path = "1Star@2x.png"; sourceTree = "<group>"; };
		CEAC53061974F7250035A8FC /* 1StarSmall.png */ = {isa = PBXFileReference; lastKnownFileType = image.png; path = 1StarSmall.png; sourceTree = "<group>"; };
		CEAC53071974F7250035A8FC /* 1StarSmall@2x.png */ = {isa = PBXFileReference; lastKnownFileType = image.png; path = "1StarSmall@2x.png"; sourceTree = "<group>"; };
		CEAC53081974F7250035A8FC /* 2Stars.png */ = {isa = PBXFileReference; lastKnownFileType = image.png; path = 2Stars.png; sourceTree = "<group>"; };
		CEAC53091974F7250035A8FC /* 2Stars@2x.png */ = {isa = PBXFileReference; lastKnownFileType = image.png; path = "2Stars@2x.png"; sourceTree = "<group>"; };
		CEAC530A1974F7250035A8FC /* 2StarsSmall.png */ = {isa = PBXFileReference; lastKnownFileType = image.png; path = 2StarsSmall.png; sourceTree = "<group>"; };
		CEAC530B1974F7250035A8FC /* 2StarsSmall@2x.png */ = {isa = PBXFileReference; lastKnownFileType = image.png; path = "2StarsSmall@2x.png"; sourceTree = "<group>"; };
		CEAC530C1974F7250035A8FC /* 3Stars.png */ = {isa = PBXFileReference; lastKnownFileType = image.png; path = 3Stars.png; sourceTree = "<group>"; };
		CEAC530D1974F7250035A8FC /* 3Stars@2x.png */ = {isa = PBXFileReference; lastKnownFileType = image.png; path = "3Stars@2x.png"; sourceTree = "<group>"; };
		CEAC530E1974F7250035A8FC /* 3StarsSmall.png */ = {isa = PBXFileReference; lastKnownFileType = image.png; path = 3StarsSmall.png; sourceTree = "<group>"; };
		CEAC530F1974F7250035A8FC /* 3StarsSmall@2x.png */ = {isa = PBXFileReference; lastKnownFileType = image.png; path = "3StarsSmall@2x.png"; sourceTree = "<group>"; };
		CEAC53101974F7250035A8FC /* 4Stars.png */ = {isa = PBXFileReference; lastKnownFileType = image.png; path = 4Stars.png; sourceTree = "<group>"; };
		CEAC53111974F7250035A8FC /* 4Stars@2x.png */ = {isa = PBXFileReference; lastKnownFileType = image.png; path = "4Stars@2x.png"; sourceTree = "<group>"; };
		CEAC53121974F7250035A8FC /* 4StarsSmall.png */ = {isa = PBXFileReference; lastKnownFileType = image.png; path = 4StarsSmall.png; sourceTree = "<group>"; };
		CEAC53131974F7250035A8FC /* 4StarsSmall@2x.png */ = {isa = PBXFileReference; lastKnownFileType = image.png; path = "4StarsSmall@2x.png"; sourceTree = "<group>"; };
		CEAC53141974F7250035A8FC /* 5Stars.png */ = {isa = PBXFileReference; lastKnownFileType = image.png; path = 5Stars.png; sourceTree = "<group>"; };
		CEAC53151974F7250035A8FC /* 5Stars@2x.png */ = {isa = PBXFileReference; lastKnownFileType = image.png; path = "5Stars@2x.png"; sourceTree = "<group>"; };
		CEAC53161974F7250035A8FC /* 5StarsSmall.png */ = {isa = PBXFileReference; lastKnownFileType = image.png; path = 5StarsSmall.png; sourceTree = "<group>"; };
		CEAC53171974F7250035A8FC /* 5StarsSmall@2x.png */ = {isa = PBXFileReference; lastKnownFileType = image.png; path = "5StarsSmall@2x.png"; sourceTree = "<group>"; };
		CEAC53181974F7250035A8FC /* Gestures.png */ = {isa = PBXFileReference; lastKnownFileType = image.png; path = Gestures.png; sourceTree = "<group>"; };
		CEAC53191974F7250035A8FC /* Gestures@2x.png */ = {isa = PBXFileReference; lastKnownFileType = image.png; path = "Gestures@2x.png"; sourceTree = "<group>"; };
		CEAC531A1974F7250035A8FC /* Players.png */ = {isa = PBXFileReference; lastKnownFileType = image.png; path = Players.png; sourceTree = "<group>"; };
		CEAC531B1974F7250035A8FC /* Players@2x.png */ = {isa = PBXFileReference; lastKnownFileType = image.png; path = "Players@2x.png"; sourceTree = "<group>"; };
		CEAC53341974FB830035A8FC /* PlayersViewControllerTableViewController.h */ = {isa = PBXFileReference; fileEncoding = 4; lastKnownFileType = sourcecode.c.h; path = PlayersViewControllerTableViewController.h; sourceTree = "<group>"; };
		CEAC53351974FB830035A8FC /* PlayersViewControllerTableViewController.m */ = {isa = PBXFileReference; fileEncoding = 4; lastKnownFileType = sourcecode.c.objc; path = PlayersViewControllerTableViewController.m; sourceTree = "<group>"; };
		CEAC53371974FE3E0035A8FC /* Player.h */ = {isa = PBXFileReference; fileEncoding = 4; lastKnownFileType = sourcecode.c.h; path = Player.h; sourceTree = "<group>"; };
		CEAC53381974FE3E0035A8FC /* Player.m */ = {isa = PBXFileReference; fileEncoding = 4; lastKnownFileType = sourcecode.c.objc; path = Player.m; sourceTree = "<group>"; };
		CEAC533A19750BD60035A8FC /* PlayerCellTableViewCell.h */ = {isa = PBXFileReference; fileEncoding = 4; lastKnownFileType = sourcecode.c.h; path = PlayerCellTableViewCell.h; sourceTree = "<group>"; };
		CEAC533B19750BD60035A8FC /* PlayerCellTableViewCell.m */ = {isa = PBXFileReference; fileEncoding = 4; lastKnownFileType = sourcecode.c.objc; path = PlayerCellTableViewCell.m; sourceTree = "<group>"; };
		CEAC533D197513A10035A8FC /* PlayerDetailsViewController.h */ = {isa = PBXFileReference; fileEncoding = 4; lastKnownFileType = sourcecode.c.h; path = PlayerDetailsViewController.h; sourceTree = "<group>"; };
		CEAC533E197513A10035A8FC /* PlayerDetailsViewController.m */ = {isa = PBXFileReference; fileEncoding = 4; lastKnownFileType = sourcecode.c.objc; path = PlayerDetailsViewController.m; sourceTree = "<group>"; };
		CEAC5340197529980035A8FC /* GamePickerViewController.h */ = {isa = PBXFileReference; fileEncoding = 4; lastKnownFileType = sourcecode.c.h; path = GamePickerViewController.h; sourceTree = "<group>"; };
		CEAC5341197529980035A8FC /* GamePickerViewController.m */ = {isa = PBXFileReference; fileEncoding = 4; lastKnownFileType = sourcecode.c.objc; path = GamePickerViewController.m; sourceTree = "<group>"; };
		CEAC534319757BA40035A8FC /* BookDemo.storyboard */ = {isa = PBXFileReference; fileEncoding = 4; lastKnownFileType = file.storyboard; path = BookDemo.storyboard; sourceTree = "<group>"; };
/* End PBXFileReference section */

/* Begin PBXFrameworksBuildPhase section */
		CEAC52C51974D8260035A8FC /* Frameworks */ = {
			isa = PBXFrameworksBuildPhase;
			buildActionMask = 2147483647;
			files = (
				CEAC52CE1974D8260035A8FC /* CoreGraphics.framework in Frameworks */,
				CEAC52D01974D8260035A8FC /* UIKit.framework in Frameworks */,
				CEAC52CC1974D8260035A8FC /* Foundation.framework in Frameworks */,
			);
			runOnlyForDeploymentPostprocessing = 0;
		};
		CEAC52E91974D8260035A8FC /* Frameworks */ = {
			isa = PBXFrameworksBuildPhase;
			buildActionMask = 2147483647;
			files = (
				CEAC52EE1974D8260035A8FC /* XCTest.framework in Frameworks */,
				CEAC52F01974D8260035A8FC /* UIKit.framework in Frameworks */,
				CEAC52EF1974D8260035A8FC /* Foundation.framework in Frameworks */,
			);
			runOnlyForDeploymentPostprocessing = 0;
		};
/* End PBXFrameworksBuildPhase section */

/* Begin PBXGroup section */
		CEAC52BF1974D8260035A8FC = {
			isa = PBXGroup;
			children = (
				CEAC52D11974D8260035A8FC /* test */,
				CEAC52F31974D8260035A8FC /* testTests */,
				CEAC52CA1974D8260035A8FC /* Frameworks */,
				CEAC52C91974D8260035A8FC /* Products */,
			);
			sourceTree = "<group>";
		};
		CEAC52C91974D8260035A8FC /* Products */ = {
			isa = PBXGroup;
			children = (
				CEAC52C81974D8260035A8FC /* test.app */,
				CEAC52EC1974D8260035A8FC /* testTests.xctest */,
			);
			name = Products;
			sourceTree = "<group>";
		};
		CEAC52CA1974D8260035A8FC /* Frameworks */ = {
			isa = PBXGroup;
			children = (
				CEAC52CB1974D8260035A8FC /* Foundation.framework */,
				CEAC52CD1974D8260035A8FC /* CoreGraphics.framework */,
				CEAC52CF1974D8260035A8FC /* UIKit.framework */,
				CEAC52ED1974D8260035A8FC /* XCTest.framework */,
			);
			name = Frameworks;
			sourceTree = "<group>";
		};
		CEAC52D11974D8260035A8FC /* test */ = {
			isa = PBXGroup;
			children = (
				CEAC53031974F7250035A8FC /* Images */,
				CEAC52DA1974D8260035A8FC /* KyyAppDelegate.h */,
				CEAC52DB1974D8260035A8FC /* KyyAppDelegate.m */,
				CEAC52DD1974D8260035A8FC /* Main_iPhone.storyboard */,
				CEAC52E01974D8260035A8FC /* Main_iPad.storyboard */,
				CEAC52E31974D8260035A8FC /* KyyViewController.h */,
				CEAC52E41974D8260035A8FC /* KyyViewController.m */,
				CEAC52E61974D8260035A8FC /* Images.xcassets */,
				CEAC52D21974D8260035A8FC /* Supporting Files */,
				CEAC53341974FB830035A8FC /* PlayersViewControllerTableViewController.h */,
				CEAC53351974FB830035A8FC /* PlayersViewControllerTableViewController.m */,
				CEAC53371974FE3E0035A8FC /* Player.h */,
				CEAC53381974FE3E0035A8FC /* Player.m */,
				CEAC533A19750BD60035A8FC /* PlayerCellTableViewCell.h */,
				CEAC533B19750BD60035A8FC /* PlayerCellTableViewCell.m */,
				CEAC533D197513A10035A8FC /* PlayerDetailsViewController.h */,
				CEAC533E197513A10035A8FC /* PlayerDetailsViewController.m */,
				CEAC5340197529980035A8FC /* GamePickerViewController.h */,
				CEAC5341197529980035A8FC /* GamePickerViewController.m */,
				CEAC534319757BA40035A8FC /* BookDemo.storyboard */,
			);
			path = test;
			sourceTree = "<group>";
		};
		CEAC52D21974D8260035A8FC /* Supporting Files */ = {
			isa = PBXGroup;
			children = (
				CEAC52D31974D8260035A8FC /* test-Info.plist */,
				CEAC52D41974D8260035A8FC /* InfoPlist.strings */,
				CEAC52D71974D8260035A8FC /* main.m */,
				CEAC52D91974D8260035A8FC /* test-Prefix.pch */,
			);
			name = "Supporting Files";
			sourceTree = "<group>";
		};
		CEAC52F31974D8260035A8FC /* testTests */ = {
			isa = PBXGroup;
			children = (
				CEAC52F91974D8260035A8FC /* testTests.m */,
				CEAC52F41974D8260035A8FC /* Supporting Files */,
			);
			path = testTests;
			sourceTree = "<group>";
		};
		CEAC52F41974D8260035A8FC /* Supporting Files */ = {
			isa = PBXGroup;
			children = (
				CEAC52F51974D8260035A8FC /* testTests-Info.plist */,
				CEAC52F61974D8260035A8FC /* InfoPlist.strings */,
			);
			name = "Supporting Files";
			sourceTree = "<group>";
		};
		CEAC53031974F7250035A8FC /* Images */ = {
			isa = PBXGroup;
			children = (
				CEAC53041974F7250035A8FC /* 1Star.png */,
				CEAC53051974F7250035A8FC /* 1Star@2x.png */,
				CEAC53061974F7250035A8FC /* 1StarSmall.png */,
				CEAC53071974F7250035A8FC /* 1StarSmall@2x.png */,
				CEAC53081974F7250035A8FC /* 2Stars.png */,
				CEAC53091974F7250035A8FC /* 2Stars@2x.png */,
				CEAC530A1974F7250035A8FC /* 2StarsSmall.png */,
				CEAC530B1974F7250035A8FC /* 2StarsSmall@2x.png */,
				CEAC530C1974F7250035A8FC /* 3Stars.png */,
				CEAC530D1974F7250035A8FC /* 3Stars@2x.png */,
				CEAC530E1974F7250035A8FC /* 3StarsSmall.png */,
				CEAC530F1974F7250035A8FC /* 3StarsSmall@2x.png */,
				CEAC53101974F7250035A8FC /* 4Stars.png */,
				CEAC53111974F7250035A8FC /* 4Stars@2x.png */,
				CEAC53121974F7250035A8FC /* 4StarsSmall.png */,
				CEAC53131974F7250035A8FC /* 4StarsSmall@2x.png */,
				CEAC53141974F7250035A8FC /* 5Stars.png */,
				CEAC53151974F7250035A8FC /* 5Stars@2x.png */,
				CEAC53161974F7250035A8FC /* 5StarsSmall.png */,
				CEAC53171974F7250035A8FC /* 5StarsSmall@2x.png */,
				CEAC53181974F7250035A8FC /* Gestures.png */,
				CEAC53191974F7250035A8FC /* Gestures@2x.png */,
				CEAC531A1974F7250035A8FC /* Players.png */,
				CEAC531B1974F7250035A8FC /* Players@2x.png */,
			);
			path = Images;
			sourceTree = "<group>";
		};
/* End PBXGroup section */

/* Begin PBXNativeTarget section */
		CEAC52C71974D8260035A8FC /* test */ = {
			isa = PBXNativeTarget;
			buildConfigurationList = CEAC52FD1974D8260035A8FC /* Build configuration list for PBXNativeTarget "test" */;
			buildPhases = (
				CEAC52C41974D8260035A8FC /* Sources */,
				CEAC52C51974D8260035A8FC /* Frameworks */,
				CEAC52C61974D8260035A8FC /* Resources */,
			);
			buildRules = (
			);
			dependencies = (
			);
			name = test;
			productName = test;
			productReference = CEAC52C81974D8260035A8FC /* test.app */;
			productType = "com.apple.product-type.application";
		};
		CEAC52EB1974D8260035A8FC /* testTests */ = {
			isa = PBXNativeTarget;
			buildConfigurationList = CEAC53001974D8260035A8FC /* Build configuration list for PBXNativeTarget "testTests" */;
			buildPhases = (
				CEAC52E81974D8260035A8FC /* Sources */,
				CEAC52E91974D8260035A8FC /* Frameworks */,
				CEAC52EA1974D8260035A8FC /* Resources */,
			);
			buildRules = (
			);
			dependencies = (
				CEAC52F21974D8260035A8FC /* PBXTargetDependency */,
			);
			name = testTests;
			productName = testTests;
			productReference = CEAC52EC1974D8260035A8FC /* testTests.xctest */;
			productType = "com.apple.product-type.bundle.unit-test";
		};
/* End PBXNativeTarget section */

/* Begin PBXProject section */
		CEAC52C01974D8260035A8FC /* Project object */ = {
			isa = PBXProject;
			attributes = {
				CLASSPREFIX = Kyy;
				LastUpgradeCheck = 0510;
				ORGANIZATIONNAME = kouyuyi;
				TargetAttributes = {
					CEAC52EB1974D8260035A8FC = {
						TestTargetID = CEAC52C71974D8260035A8FC;
					};
				};
			};
			buildConfigurationList = CEAC52C31974D8260035A8FC /* Build configuration list for PBXProject "test" */;
			compatibilityVersion = "Xcode 3.2";
			developmentRegion = English;
			hasScannedForEncodings = 0;
			knownRegions = (
				en,
				Base,
			);
			mainGroup = CEAC52BF1974D8260035A8FC;
			productRefGroup = CEAC52C91974D8260035A8FC /* Products */;
			projectDirPath = "";
			projectRoot = "";
			targets = (
				CEAC52C71974D8260035A8FC /* test */,
				CEAC52EB1974D8260035A8FC /* testTests */,
			);
		};
/* End PBXProject section */

/* Begin PBXResourcesBuildPhase section */
		CEAC52C61974D8260035A8FC /* Resources */ = {
			isa = PBXResourcesBuildPhase;
			buildActionMask = 2147483647;
			files = (
				CEAC53251974F7250035A8FC /* 3Stars@2x.png in Resources */,
				CEAC532E1974F7250035A8FC /* 5StarsSmall.png in Resources */,
				CEAC52E21974D8260035A8FC /* Main_iPad.storyboard in Resources */,
				CEAC53211974F7250035A8FC /* 2Stars@2x.png in Resources */,
				CEAC53311974F7250035A8FC /* Gestures@2x.png in Resources */,
				CEAC53201974F7250035A8FC /* 2Stars.png in Resources */,
				CEAC531E1974F7250035A8FC /* 1StarSmall.png in Resources */,
				CEAC53261974F7250035A8FC /* 3StarsSmall.png in Resources */,
				CEAC532C1974F7250035A8FC /* 5Stars.png in Resources */,
				CEAC532A1974F7250035A8FC /* 4StarsSmall.png in Resources */,
				CEAC531F1974F7250035A8FC /* 1StarSmall@2x.png in Resources */,
				CEAC532F1974F7250035A8FC /* 5StarsSmall@2x.png in Resources */,
				CEAC53321974F7250035A8FC /* Players.png in Resources */,
				CEAC52E71974D8260035A8FC /* Images.xcassets in Resources */,
				CEAC534419757BA40035A8FC /* BookDemo.storyboard in Resources */,
				CEAC53281974F7250035A8FC /* 4Stars.png in Resources */,
				CEAC53291974F7250035A8FC /* 4Stars@2x.png in Resources */,
				CEAC53301974F7250035A8FC /* Gestures.png in Resources */,
				CEAC53271974F7250035A8FC /* 3StarsSmall@2x.png in Resources */,
				CEAC531D1974F7250035A8FC /* 1Star@2x.png in Resources */,
				CEAC53241974F7250035A8FC /* 3Stars.png in Resources */,
				CEAC53231974F7250035A8FC /* 2StarsSmall@2x.png in Resources */,
				CEAC531C1974F7250035A8FC /* 1Star.png in Resources */,
				CEAC52DF1974D8260035A8FC /* Main_iPhone.storyboard in Resources */,
				CEAC532D1974F7250035A8FC /* 5Stars@2x.png in Resources */,
				CEAC532B1974F7250035A8FC /* 4StarsSmall@2x.png in Resources */,
				CEAC53221974F7250035A8FC /* 2StarsSmall.png in Resources */,
				CEAC52D61974D8260035A8FC /* InfoPlist.strings in Resources */,
				CEAC53331974F7250035A8FC /* Players@2x.png in Resources */,
			);
			runOnlyForDeploymentPostprocessing = 0;
		};
		CEAC52EA1974D8260035A8FC /* Resources */ = {
			isa = PBXResourcesBuildPhase;
			buildActionMask = 2147483647;
			files = (
				CEAC52F81974D8260035A8FC /* InfoPlist.strings in Resources */,
			);
			runOnlyForDeploymentPostprocessing = 0;
		};
/* End PBXResourcesBuildPhase section */

/* Begin PBXSourcesBuildPhase section */
		CEAC52C41974D8260035A8FC /* Sources */ = {
			isa = PBXSourcesBuildPhase;
			buildActionMask = 2147483647;
			files = (
				CEAC52DC1974D8260035A8FC /* KyyAppDelegate.m in Sources */,
				CEAC52D81974D8260035A8FC /* main.m in Sources */,
				CEAC533C19750BD60035A8FC /* PlayerCellTableViewCell.m in Sources */,
				CEAC52E51974D8260035A8FC /* KyyViewController.m in Sources */,
				CEAC5342197529980035A8FC /* GamePickerViewController.m in Sources */,
				CEAC53361974FB830035A8FC /* PlayersViewControllerTableViewController.m in Sources */,
				CEAC53391974FE3E0035A8FC /* Player.m in Sources */,
				CEAC533F197513A10035A8FC /* PlayerDetailsViewController.m in Sources */,
			);
			runOnlyForDeploymentPostprocessing = 0;
		};
		CEAC52E81974D8260035A8FC /* Sources */ = {
			isa = PBXSourcesBuildPhase;
			buildActionMask = 2147483647;
			files = (
				CEAC52FA1974D8260035A8FC /* testTests.m in Sources */,
			);
			runOnlyForDeploymentPostprocessing = 0;
		};
/* End PBXSourcesBuildPhase section */

/* Begin PBXTargetDependency section */
		CEAC52F21974D8260035A8FC /* PBXTargetDependency */ = {
			isa = PBXTargetDependency;
			target = CEAC52C71974D8260035A8FC /* test */;
			targetProxy = CEAC52F11974D8260035A8FC /* PBXContainerItemProxy */;
		};
/* End PBXTargetDependency section */

/* Begin PBXVariantGroup section */
		CEAC52D41974D8260035A8FC /* InfoPlist.strings */ = {
			isa = PBXVariantGroup;
			children = (
				CEAC52D51974D8260035A8FC /* en */,
			);
			name = InfoPlist.strings;
			sourceTree = "<group>";
		};
		CEAC52DD1974D8260035A8FC /* Main_iPhone.storyboard */ = {
			isa = PBXVariantGroup;
			children = (
				CEAC52DE1974D8260035A8FC /* Base */,
			);
			name = Main_iPhone.storyboard;
			sourceTree = "<group>";
		};
		CEAC52E01974D8260035A8FC /* Main_iPad.storyboard */ = {
			isa = PBXVariantGroup;
			children = (
				CEAC52E11974D8260035A8FC /* Base */,
			);
			name = Main_iPad.storyboard;
			sourceTree = "<group>";
		};
		CEAC52F61974D8260035A8FC /* InfoPlist.strings */ = {
			isa = PBXVariantGroup;
			children = (
				CEAC52F71974D8260035A8FC /* en */,
			);
			name = InfoPlist.strings;
			sourceTree = "<group>";
		};
/* End PBXVariantGroup section */

/* Begin XCBuildConfiguration section */
		CEAC52FB1974D8260035A8FC /* Debug */ = {
			isa = XCBuildConfiguration;
			buildSettings = {
				ALWAYS_SEARCH_USER_PATHS = NO;
				CLANG_CXX_LANGUAGE_STANDARD = "gnu++0x";
				CLANG_CXX_LIBRARY = "libc++";
				CLANG_ENABLE_MODULES = YES;
				CLANG_ENABLE_OBJC_ARC = YES;
				CLANG_WARN_BOOL_CONVERSION = YES;
				CLANG_WARN_CONSTANT_CONVERSION = YES;
				CLANG_WARN_DIRECT_OBJC_ISA_USAGE = YES_ERROR;
				CLANG_WARN_EMPTY_BODY = YES;
				CLANG_WARN_ENUM_CONVERSION = YES;
				CLANG_WARN_INT_CONVERSION = YES;
				CLANG_WARN_OBJC_ROOT_CLASS = YES_ERROR;
				CLANG_WARN__DUPLICATE_METHOD_MATCH = YES;
				"CODE_SIGN_IDENTITY[sdk=iphoneos*]" = "iPhone Developer";
				COPY_PHASE_STRIP = NO;
				GCC_C_LANGUAGE_STANDARD = gnu99;
				GCC_DYNAMIC_NO_PIC = NO;
				GCC_OPTIMIZATION_LEVEL = 0;
				GCC_PREPROCESSOR_DEFINITIONS = (
					"DEBUG=1",
					"$(inherited)",
				);
				GCC_SYMBOLS_PRIVATE_EXTERN = NO;
				GCC_WARN_64_TO_32_BIT_CONVERSION = YES;
				GCC_WARN_ABOUT_RETURN_TYPE = YES_ERROR;
				GCC_WARN_UNDECLARED_SELECTOR = YES;
				GCC_WARN_UNINITIALIZED_AUTOS = YES_AGGRESSIVE;
				GCC_WARN_UNUSED_FUNCTION = YES;
				GCC_WARN_UNUSED_VARIABLE = YES;
				IPHONEOS_DEPLOYMENT_TARGET = 7.1;
				ONLY_ACTIVE_ARCH = YES;
				SDKROOT = iphoneos;
				TARGETED_DEVICE_FAMILY = "1,2";
			};
			name = Debug;
		};
		CEAC52FC1974D8260035A8FC /* Release */ = {
			isa = XCBuildConfiguration;
			buildSettings = {
				ALWAYS_SEARCH_USER_PATHS = NO;
				CLANG_CXX_LANGUAGE_STANDARD = "gnu++0x";
				CLANG_CXX_LIBRARY = "libc++";
				CLANG_ENABLE_MODULES = YES;
				CLANG_ENABLE_OBJC_ARC = YES;
				CLANG_WARN_BOOL_CONVERSION = YES;
				CLANG_WARN_CONSTANT_CONVERSION = YES;
				CLANG_WARN_DIRECT_OBJC_ISA_USAGE = YES_ERROR;
				CLANG_WARN_EMPTY_BODY = YES;
				CLANG_WARN_ENUM_CONVERSION = YES;
				CLANG_WARN_INT_CONVERSION = YES;
				CLANG_WARN_OBJC_ROOT_CLASS = YES_ERROR;
				CLANG_WARN__DUPLICATE_METHOD_MATCH = YES;
				"CODE_SIGN_IDENTITY[sdk=iphoneos*]" = "iPhone Developer";
				COPY_PHASE_STRIP = YES;
				ENABLE_NS_ASSERTIONS = NO;
				GCC_C_LANGUAGE_STANDARD = gnu99;
				GCC_WARN_64_TO_32_BIT_CONVERSION = YES;
				GCC_WARN_ABOUT_RETURN_TYPE = YES_ERROR;
				GCC_WARN_UNDECLARED_SELECTOR = YES;
				GCC_WARN_UNINITIALIZED_AUTOS = YES_AGGRESSIVE;
				GCC_WARN_UNUSED_FUNCTION = YES;
				GCC_WARN_UNUSED_VARIABLE = YES;
				IPHONEOS_DEPLOYMENT_TARGET = 7.1;
				SDKROOT = iphoneos;
				TARGETED_DEVICE_FAMILY = "1,2";
				VALIDATE_PRODUCT = YES;
			};
			name = Release;
		};
		CEAC52FE1974D8260035A8FC /* Debug */ = {
			isa = XCBuildConfiguration;
			buildSettings = {
				ASSETCATALOG_COMPILER_APPICON_NAME = AppIcon;
				ASSETCATALOG_COMPILER_LAUNCHIMAGE_NAME = LaunchImage;
				GCC_PRECOMPILE_PREFIX_HEADER = YES;
				GCC_PREFIX_HEADER = "test/test-Prefix.pch";
				INFOPLIST_FILE = "test/test-Info.plist";
				PRODUCT_NAME = "$(TARGET_NAME)";
				WRAPPER_EXTENSION = app;
			};
			name = Debug;
		};
		CEAC52FF1974D8260035A8FC /* Release */ = {
			isa = XCBuildConfiguration;
			buildSettings = {
				ASSETCATALOG_COMPILER_APPICON_NAME = AppIcon;
				ASSETCATALOG_COMPILER_LAUNCHIMAGE_NAME = LaunchImage;
				GCC_PRECOMPILE_PREFIX_HEADER = YES;
				GCC_PREFIX_HEADER = "test/test-Prefix.pch";
				INFOPLIST_FILE = "test/test-Info.plist";
				PRODUCT_NAME = "$(TARGET_NAME)";
				WRAPPER_EXTENSION = app;
			};
			name = Release;
		};
		CEAC53011974D8260035A8FC /* Debug */ = {
			isa = XCBuildConfiguration;
			buildSettings = {
				BUNDLE_LOADER = "$(BUILT_PRODUCTS_DIR)/test.app/test";
				FRAMEWORK_SEARCH_PATHS = (
					"$(SDKROOT)/Developer/Library/Frameworks",
					"$(inherited)",
					"$(DEVELOPER_FRAMEWORKS_DIR)",
				);
				GCC_PRECOMPILE_PREFIX_HEADER = YES;
				GCC_PREFIX_HEADER = "test/test-Prefix.pch";
				GCC_PREPROCESSOR_DEFINITIONS = (
					"DEBUG=1",
					"$(inherited)",
				);
				INFOPLIST_FILE = "testTests/testTests-Info.plist";
				PRODUCT_NAME = "$(TARGET_NAME)";
				TEST_HOST = "$(BUNDLE_LOADER)";
				WRAPPER_EXTENSION = xctest;
			};
			name = Debug;
		};
		CEAC53021974D8260035A8FC /* Release */ = {
			isa = XCBuildConfiguration;
			buildSettings = {
				BUNDLE_LOADER = "$(BUILT_PRODUCTS_DIR)/test.app/test";
				FRAMEWORK_SEARCH_PATHS = (
					"$(SDKROOT)/Developer/Library/Frameworks",
					"$(inherited)",
					"$(DEVELOPER_FRAMEWORKS_DIR)",
				);
				GCC_PRECOMPILE_PREFIX_HEADER = YES;
				GCC_PREFIX_HEADER = "test/test-Prefix.pch";
				INFOPLIST_FILE = "testTests/testTests-Info.plist";
				PRODUCT_NAME = "$(TARGET_NAME)";
				TEST_HOST = "$(BUNDLE_LOADER)";
				WRAPPER_EXTENSION = xctest;
			};
			name = Release;
		};
/* End XCBuildConfiguration section */

/* Begin XCConfigurationList section */
		CEAC52C31974D8260035A8FC /* Build configuration list for PBXProject "test" */ = {
			isa = XCConfigurationList;
			buildConfigurations = (
				CEAC52FB1974D8260035A8FC /* Debug */,
				CEAC52FC1974D8260035A8FC /* Release */,
			);
			defaultConfigurationIsVisible = 0;
			defaultConfigurationName = Release;
		};
		CEAC52FD1974D8260035A8FC /* Build configuration list for PBXNativeTarget "test" */ = {
			isa = XCConfigurationList;
			buildConfigurations = (
				CEAC52FE1974D8260035A8FC /* Debug */,
				CEAC52FF1974D8260035A8FC /* Release */,
			);
			defaultConfigurationIsVisible = 0;
			defaultConfigurationName = Release;
		};
		CEAC53001974D8260035A8FC /* Build configuration list for PBXNativeTarget "testTests" */ = {
			isa = XCConfigurationList;
			buildConfigurations = (
				CEAC53011974D8260035A8FC /* Debug */,
				CEAC53021974D8260035A8FC /* Release */,
			);
			defaultConfigurationIsVisible = 0;
			defaultConfigurationName = Release;
		};
/* End XCConfigurationList section */
	};
	rootObject = CEAC52C01974D8260035A8FC /* Project object */;
}
